
Microsoft Visual Studio Solution File, Format Version 12.00
# Visual Studio 2013
VisualStudioVersion = 12.0.40629.0
MinimumVisualStudioVersion = 10.0.40219.1
Project("{FAE04EC0-301F-11D3-BF4B-00C04F79EFBC}") = "Badminton", "Badminton\Badminton.csproj", "{8AAA060E-3632-404B-8561-22F77D786890}"
EndProject
Project("{FAE04EC0-301F-11D3-BF4B-00C04F79EFBC}") = "Wicresoft.BadmintonSystem.Entity", "Wicresoft.BadmintonSystem.Entity\Wicresoft.BadmintonSystem.Entity.csproj", "{BF0A5D17-D60E-4955-B7DF-D9810FAB220F}"
EndProject
Project("{FAE04EC0-301F-11D3-BF4B-00C04F79EFBC}") = "Wicresoft.BadmintonSystem.DataAccess", "Wicresoft.BadmintonSystem.DataAccess\Wicresoft.BadmintonSystem.DataAccess.csproj", "{34BF669C-DCCF-459C-89F3-021588C74392}"
EndProject
Project("{FAE04EC0-301F-11D3-BF4B-00C04F79EFBC}") = "Wicresoft.BadmintonSystem.Unity", "Wicresoft.BadmintonSystem.Unity\Wicresoft.BadmintonSystem.Unity.csproj", "{B018131C-6BED-4011-847A-B7C03421C943}"
EndProject
Project("{FAE04EC0-301F-11D3-BF4B-00C04F79EFBC}") = "Wicresoft.BadmintonSystem.Wap", "Wicresoft.BadmintonSystem.Wap\Wicresoft.BadmintonSystem.Wap.csproj", "{A12EC1F0-228D-4A51-A770-F6FB8E4E5770}"
EndProject
Project("{FAE04EC0-301F-11D3-BF4B-00C04F79EFBC}") = "Wicresoft.BadmintonSystem.WebService", "Wicresoft.Badminton.WebService\Wicresoft.BadmintonSystem.WebService.csproj", "{940F0FFA-10A9-48A2-955F-895ABEC83594}"
EndProject
Global
	GlobalSection(SolutionConfigurationPlatforms) = preSolution
		Debug|Any CPU = Debug|Any CPU
		Release|Any CPU = Release|Any CPU
	EndGlobalSection
	GlobalSection(ProjectConfigurationPlatforms) = postSolution
		{8AAA060E-3632-404B-8561-22F77D786890}.Debug|Any CPU.ActiveCfg = Debug|Any CPU
		{8AAA060E-3632-404B-8561-22F77D786890}.Debug|Any CPU.Build.0 = Debug|Any CPU
		{8AAA060E-3632-404B-8561-22F77D786890}.Release|Any CPU.ActiveCfg = Release|Any CPU
		{8AAA060E-3632-404B-8561-22F77D786890}.Release|Any CPU.Build.0 = Release|Any CPU
		{BF0A5D17-D60E-4955-B7DF-D9810FAB220F}.Debug|Any CPU.ActiveCfg = Debug|Any CPU
		{BF0A5D17-D60E-4955-B7DF-D9810FAB220F}.Debug|Any CPU.Build.0 = Debug|Any CPU
		{BF0A5D17-D60E-4955-B7DF-D9810FAB220F}.Release|Any CPU.ActiveCfg = Release|Any CPU
		{BF0A5D17-D60E-4955-B7DF-D9810FAB220F}.Release|Any CPU.Build.0 = Release|Any CPU
		{34BF669C-DCCF-459C-89F3-021588C74392}.Debug|Any CPU.ActiveCfg = Debug|Any CPU
		{34BF669C-DCCF-459C-89F3-021588C74392}.Debug|Any CPU.Build.0 = Debug|Any CPU
		{34BF669C-DCCF-459C-89F3-021588C74392}.Release|Any CPU.ActiveCfg = Release|Any CPU
		{34BF669C-DCCF-459C-89F3-021588C74392}.Release|Any CPU.Build.0 = Release|Any CPU
		{B018131C-6BED-4011-847A-B7C03421C943}.Debug|Any CPU.ActiveCfg = Debug|Any CPU
		{B018131C-6BED-4011-847A-B7C03421C943}.Debug|Any CPU.Build.0 = Debug|Any CPU
		{B018131C-6BED-4011-847A-B7C03421C943}.Release|Any CPU.ActiveCfg = Release|Any CPU
		{B018131C-6BED-4011-847A-B7C03421C943}.Release|Any CPU.Build.0 = Release|Any CPU
		{A12EC1F0-228D-4A51-A770-F6FB8E4E5770}.Debug|Any CPU.ActiveCfg = Debug|Any CPU
		{A12EC1F0-228D-4A51-A770-F6FB8E4E5770}.Debug|Any CPU.Build.0 = Debug|Any CPU
		{A12EC1F0-228D-4A51-A770-F6FB8E4E5770}.Release|Any CPU.ActiveCfg = Release|Any CPU
		{A12EC1F0-228D-4A51-A770-F6FB8E4E5770}.Release|Any CPU.Build.0 = Release|Any CPU
		{940F0FFA-10A9-48A2-955F-895ABEC83594}.Debug|Any CPU.ActiveCfg = Debug|Any CPU
		{940F0FFA-10A9-48A2-955F-895ABEC83594}.Debug|Any CPU.Build.0 = Debug|Any CPU
		{940F0FFA-10A9-48A2-955F-895ABEC83594}.Release|Any CPU.ActiveCfg = Release|Any CPU
		{940F0FFA-10A9-48A2-955F-895ABEC83594}.Release|Any CPU.Build.0 = Release|Any CPU
	EndGlobalSection
	GlobalSection(SolutionProperties) = preSolution
		HideSolutionNode = FALSE
	EndGlobalSection
EndGlobal
